
Microsoft Visual Studio Solution File, Format Version 12.00
# Visual Studio 14
VisualStudioVersion = 14.0.25420.1
MinimumVisualStudioVersion = 10.0.40219.1
Project("{FAE04EC0-301F-11D3-BF4B-00C04F79EFBC}") = "EspecialAlarm.Droid", "EspecialAlarm\EspecialAlarm.Droid\EspecialAlarm.Droid.csproj", "{59CABEFB-B6E6-495E-8B0A-0F91FA278822}"
EndProject
Project("{FAE04EC0-301F-11D3-BF4B-00C04F79EFBC}") = "EspecialAlarm.iOS", "EspecialAlarm\EspecialAlarm.iOS\EspecialAlarm.iOS.csproj", "{EDA04777-A341-4E19-92BB-CB2DC92E0FA7}"
EndProject
Project("{FAE04EC0-301F-11D3-BF4B-00C04F79EFBC}") = "EspecialAlarm.WinPhone", "EspecialAlarm\EspecialAlarm.WinPhone\EspecialAlarm.WinPhone.csproj", "{C5C00E84-EAB6-40E3-9DF0-919A3AC37A6A}"
EndProject
Project("{FAE04EC0-301F-11D3-BF4B-00C04F79EFBC}") = "EspecialAlarm.UWP", "EspecialAlarm\EspecialAlarm.UWP\EspecialAlarm.UWP.csproj", "{D5A8C6EB-A660-488A-B3C3-A5A087DD0C37}"
EndProject
Project("{FAE04EC0-301F-11D3-BF4B-00C04F79EFBC}") = "EspecialAlarm.Windows", "EspecialAlarm\EspecialAlarm.Windows\EspecialAlarm.Windows.csproj", "{095090EB-06D6-4F1E-BD06-B7FBF1A7CEFA}"
EndProject
Project("{FAE04EC0-301F-11D3-BF4B-00C04F79EFBC}") = "EspecialAlarm", "EspecialAlarm\EspecialAlarm\EspecialAlarm.csproj", "{20627E47-2F7B-4ED5-845B-B8A468BA0A18}"
EndProject
Global
	GlobalSection(SolutionConfigurationPlatforms) = preSolution
		Ad-Hoc|Any CPU = Ad-Hoc|Any CPU
		Ad-Hoc|ARM = Ad-Hoc|ARM
		Ad-Hoc|iPhone = Ad-Hoc|iPhone
		Ad-Hoc|iPhoneSimulator = Ad-Hoc|iPhoneSimulator
		Ad-Hoc|x64 = Ad-Hoc|x64
		Ad-Hoc|x86 = Ad-Hoc|x86
		AppStore|Any CPU = AppStore|Any CPU
		AppStore|ARM = AppStore|ARM
		AppStore|iPhone = AppStore|iPhone
		AppStore|iPhoneSimulator = AppStore|iPhoneSimulator
		AppStore|x64 = AppStore|x64
		AppStore|x86 = AppStore|x86
		Debug|Any CPU = Debug|Any CPU
		Debug|ARM = Debug|ARM
		Debug|iPhone = Debug|iPhone
		Debug|iPhoneSimulator = Debug|iPhoneSimulator
		Debug|x64 = Debug|x64
		Debug|x86 = Debug|x86
		Release|Any CPU = Release|Any CPU
		Release|ARM = Release|ARM
		Release|iPhone = Release|iPhone
		Release|iPhoneSimulator = Release|iPhoneSimulator
		Release|x64 = Release|x64
		Release|x86 = Release|x86
	EndGlobalSection
	GlobalSection(ProjectConfigurationPlatforms) = postSolution
		{59CABEFB-B6E6-495E-8B0A-0F91FA278822}.Ad-Hoc|Any CPU.ActiveCfg = Release|Any CPU
		{59CABEFB-B6E6-495E-8B0A-0F91FA278822}.Ad-Hoc|Any CPU.Build.0 = Release|Any CPU
		{59CABEFB-B6E6-495E-8B0A-0F91FA278822}.Ad-Hoc|Any CPU.Deploy.0 = Release|Any CPU
		{59CABEFB-B6E6-495E-8B0A-0F91FA278822}.Ad-Hoc|ARM.ActiveCfg = Release|Any CPU
		{59CABEFB-B6E6-495E-8B0A-0F91FA278822}.Ad-Hoc|ARM.Build.0 = Release|Any CPU
		{59CABEFB-B6E6-495E-8B0A-0F91FA278822}.Ad-Hoc|ARM.Deploy.0 = Release|Any CPU
		{59CABEFB-B6E6-495E-8B0A-0F91FA278822}.Ad-Hoc|iPhone.ActiveCfg = Release|Any CPU
		{59CABEFB-B6E6-495E-8B0A-0F91FA278822}.Ad-Hoc|iPhone.Build.0 = Release|Any CPU
		{59CABEFB-B6E6-495E-8B0A-0F91FA278822}.Ad-Hoc|iPhone.Deploy.0 = Release|Any CPU
		{59CABEFB-B6E6-495E-8B0A-0F91FA278822}.Ad-Hoc|iPhoneSimulator.ActiveCfg = Release|Any CPU
		{59CABEFB-B6E6-495E-8B0A-0F91FA278822}.Ad-Hoc|iPhoneSimulator.Build.0 = Release|Any CPU
		{59CABEFB-B6E6-495E-8B0A-0F91FA278822}.Ad-Hoc|iPhoneSimulator.Deploy.0 = Release|Any CPU
		{59CABEFB-B6E6-495E-8B0A-0F91FA278822}.Ad-Hoc|x64.ActiveCfg = Release|Any CPU
		{59CABEFB-B6E6-495E-8B0A-0F91FA278822}.Ad-Hoc|x64.Build.0 = Release|Any CPU
		{59CABEFB-B6E6-495E-8B0A-0F91FA278822}.Ad-Hoc|x64.Deploy.0 = Release|Any CPU
		{59CABEFB-B6E6-495E-8B0A-0F91FA278822}.Ad-Hoc|x86.ActiveCfg = Release|Any CPU
		{59CABEFB-B6E6-495E-8B0A-0F91FA278822}.Ad-Hoc|x86.Build.0 = Release|Any CPU
		{59CABEFB-B6E6-495E-8B0A-0F91FA278822}.Ad-Hoc|x86.Deploy.0 = Release|Any CPU
		{59CABEFB-B6E6-495E-8B0A-0F91FA278822}.AppStore|Any CPU.ActiveCfg = Release|Any CPU
		{59CABEFB-B6E6-495E-8B0A-0F91FA278822}.AppStore|Any CPU.Build.0 = Release|Any CPU
		{59CABEFB-B6E6-495E-8B0A-0F91FA278822}.AppStore|Any CPU.Deploy.0 = Release|Any CPU
		{59CABEFB-B6E6-495E-8B0A-0F91FA278822}.AppStore|ARM.ActiveCfg = Release|Any CPU
		{59CABEFB-B6E6-495E-8B0A-0F91FA278822}.AppStore|ARM.Build.0 = Release|Any CPU
		{59CABEFB-B6E6-495E-8B0A-0F91FA278822}.AppStore|ARM.Deploy.0 = Release|Any CPU
		{59CABEFB-B6E6-495E-8B0A-0F91FA278822}.AppStore|iPhone.ActiveCfg = Release|Any CPU
		{59CABEFB-B6E6-495E-8B0A-0F91FA278822}.AppStore|iPhone.Build.0 = Release|Any CPU
		{59CABEFB-B6E6-495E-8B0A-0F91FA278822}.AppStore|iPhone.Deploy.0 = Release|Any CPU
		{59CABEFB-B6E6-495E-8B0A-0F91FA278822}.AppStore|iPhoneSimulator.ActiveCfg = Release|Any CPU
		{59CABEFB-B6E6-495E-8B0A-0F91FA278822}.AppStore|iPhoneSimulator.Build.0 = Release|Any CPU
		{59CABEFB-B6E6-495E-8B0A-0F91FA278822}.AppStore|iPhoneSimulator.Deploy.0 = Release|Any CPU
		{59CABEFB-B6E6-495E-8B0A-0F91FA278822}.AppStore|x64.ActiveCfg = Release|Any CPU
		{59CABEFB-B6E6-495E-8B0A-0F91FA278822}.AppStore|x64.Build.0 = Release|Any CPU
		{59CABEFB-B6E6-495E-8B0A-0F91FA278822}.AppStore|x64.Deploy.0 = Release|Any CPU
		{59CABEFB-B6E6-495E-8B0A-0F91FA278822}.AppStore|x86.ActiveCfg = Release|Any CPU
		{59CABEFB-B6E6-495E-8B0A-0F91FA278822}.AppStore|x86.Build.0 = Release|Any CPU
		{59CABEFB-B6E6-495E-8B0A-0F91FA278822}.AppStore|x86.Deploy.0 = Release|Any CPU
		{59CABEFB-B6E6-495E-8B0A-0F91FA278822}.Debug|Any CPU.ActiveCfg = Debug|Any CPU
		{59CABEFB-B6E6-495E-8B0A-0F91FA278822}.Debug|Any CPU.Build.0 = Debug|Any CPU
		{59CABEFB-B6E6-495E-8B0A-0F91FA278822}.Debug|Any CPU.Deploy.0 = Debug|Any CPU
		{59CABEFB-B6E6-495E-8B0A-0F91FA278822}.Debug|ARM.ActiveCfg = Debug|Any CPU
		{59CABEFB-B6E6-495E-8B0A-0F91FA278822}.Debug|ARM.Build.0 = Debug|Any CPU
		{59CABEFB-B6E6-495E-8B0A-0F91FA278822}.Debug|ARM.Deploy.0 = Debug|Any CPU
		{59CABEFB-B6E6-495E-8B0A-0F91FA278822}.Debug|iPhone.ActiveCfg = Debug|Any CPU
		{59CABEFB-B6E6-495E-8B0A-0F91FA278822}.Debug|iPhone.Build.0 = Debug|Any CPU
		{59CABEFB-B6E6-495E-8B0A-0F91FA278822}.Debug|iPhone.Deploy.0 = Debug|Any CPU
		{59CABEFB-B6E6-495E-8B0A-0F91FA278822}.Debug|iPhoneSimulator.ActiveCfg = Debug|Any CPU
		{59CABEFB-B6E6-495E-8B0A-0F91FA278822}.Debug|iPhoneSimulator.Build.0 = Debug|Any CPU
		{59CABEFB-B6E6-495E-8B0A-0F91FA278822}.Debug|iPhoneSimulator.Deploy.0 = Debug|Any CPU
		{59CABEFB-B6E6-495E-8B0A-0F91FA278822}.Debug|x64.ActiveCfg = Debug|Any CPU
		{59CABEFB-B6E6-495E-8B0A-0F91FA278822}.Debug|x64.Build.0 = Debug|Any CPU
		{59CABEFB-B6E6-495E-8B0A-0F91FA278822}.Debug|x64.Deploy.0 = Debug|Any CPU
		{59CABEFB-B6E6-495E-8B0A-0F91FA278822}.Debug|x86.ActiveCfg = Debug|Any CPU
		{59CABEFB-B6E6-495E-8B0A-0F91FA278822}.Debug|x86.Build.0 = Debug|Any CPU
		{59CABEFB-B6E6-495E-8B0A-0F91FA278822}.Debug|x86.Deploy.0 = Debug|Any CPU
		{59CABEFB-B6E6-495E-8B0A-0F91FA278822}.Release|Any CPU.ActiveCfg = Release|Any CPU
		{59CABEFB-B6E6-495E-8B0A-0F91FA278822}.Release|Any CPU.Build.0 = Release|Any CPU
		{59CABEFB-B6E6-495E-8B0A-0F91FA278822}.Release|Any CPU.Deploy.0 = Release|Any CPU
		{59CABEFB-B6E6-495E-8B0A-0F91FA278822}.Release|ARM.ActiveCfg = Release|Any CPU
		{59CABEFB-B6E6-495E-8B0A-0F91FA278822}.Release|ARM.Build.0 = Release|Any CPU
		{59CABEFB-B6E6-495E-8B0A-0F91FA278822}.Release|ARM.Deploy.0 = Release|Any CPU
		{59CABEFB-B6E6-495E-8B0A-0F91FA278822}.Release|iPhone.ActiveCfg = Release|Any CPU
		{59CABEFB-B6E6-495E-8B0A-0F91FA278822}.Release|iPhone.Build.0 = Release|Any CPU
		{59CABEFB-B6E6-495E-8B0A-0F91FA278822}.Release|iPhone.Deploy.0 = Release|Any CPU
		{59CABEFB-B6E6-495E-8B0A-0F91FA278822}.Release|iPhoneSimulator.ActiveCfg = Release|Any CPU
		{59CABEFB-B6E6-495E-8B0A-0F91FA278822}.Release|iPhoneSimulator.Build.0 = Release|Any CPU
		{59CABEFB-B6E6-495E-8B0A-0F91FA278822}.Release|iPhoneSimulator.Deploy.0 = Release|Any CPU
		{59CABEFB-B6E6-495E-8B0A-0F91FA278822}.Release|x64.ActiveCfg = Release|Any CPU
		{59CABEFB-B6E6-495E-8B0A-0F91FA278822}.Release|x64.Build.0 = Release|Any CPU
		{59CABEFB-B6E6-495E-8B0A-0F91FA278822}.Release|x64.Deploy.0 = Release|Any CPU
		{59CABEFB-B6E6-495E-8B0A-0F91FA278822}.Release|x86.ActiveCfg = Release|Any CPU
		{59CABEFB-B6E6-495E-8B0A-0F91FA278822}.Release|x86.Build.0 = Release|Any CPU
		{59CABEFB-B6E6-495E-8B0A-0F91FA278822}.Release|x86.Deploy.0 = Release|Any CPU
		{EDA04777-A341-4E19-92BB-CB2DC92E0FA7}.Ad-Hoc|Any CPU.ActiveCfg = Ad-Hoc|iPhone
		{EDA04777-A341-4E19-92BB-CB2DC92E0FA7}.Ad-Hoc|ARM.ActiveCfg = Ad-Hoc|iPhone
		{EDA04777-A341-4E19-92BB-CB2DC92E0FA7}.Ad-Hoc|iPhone.ActiveCfg = Ad-Hoc|iPhone
		{EDA04777-A341-4E19-92BB-CB2DC92E0FA7}.Ad-Hoc|iPhone.Build.0 = Ad-Hoc|iPhone
		{EDA04777-A341-4E19-92BB-CB2DC92E0FA7}.Ad-Hoc|iPhoneSimulator.ActiveCfg = Ad-Hoc|iPhoneSimulator
		{EDA04777-A341-4E19-92BB-CB2DC92E0FA7}.Ad-Hoc|iPhoneSimulator.Build.0 = Ad-Hoc|iPhoneSimulator
		{EDA04777-A341-4E19-92BB-CB2DC92E0FA7}.Ad-Hoc|x64.ActiveCfg = Ad-Hoc|iPhone
		{EDA04777-A341-4E19-92BB-CB2DC92E0FA7}.Ad-Hoc|x86.ActiveCfg = Ad-Hoc|iPhone
		{EDA04777-A341-4E19-92BB-CB2DC92E0FA7}.AppStore|Any CPU.ActiveCfg = AppStore|iPhone
		{EDA04777-A341-4E19-92BB-CB2DC92E0FA7}.AppStore|ARM.ActiveCfg = AppStore|iPhone
		{EDA04777-A341-4E19-92BB-CB2DC92E0FA7}.AppStore|iPhone.ActiveCfg = AppStore|iPhone
		{EDA04777-A341-4E19-92BB-CB2DC92E0FA7}.AppStore|iPhone.Build.0 = AppStore|iPhone
		{EDA04777-A341-4E19-92BB-CB2DC92E0FA7}.AppStore|iPhoneSimulator.ActiveCfg = AppStore|iPhoneSimulator
		{EDA04777-A341-4E19-92BB-CB2DC92E0FA7}.AppStore|iPhoneSimulator.Build.0 = AppStore|iPhoneSimulator
		{EDA04777-A341-4E19-92BB-CB2DC92E0FA7}.AppStore|x64.ActiveCfg = AppStore|iPhone
		{EDA04777-A341-4E19-92BB-CB2DC92E0FA7}.AppStore|x86.ActiveCfg = AppStore|iPhone
		{EDA04777-A341-4E19-92BB-CB2DC92E0FA7}.Debug|Any CPU.ActiveCfg = Debug|iPhone
		{EDA04777-A341-4E19-92BB-CB2DC92E0FA7}.Debug|ARM.ActiveCfg = Debug|iPhone
		{EDA04777-A341-4E19-92BB-CB2DC92E0FA7}.Debug|iPhone.ActiveCfg = Debug|iPhone
		{EDA04777-A341-4E19-92BB-CB2DC92E0FA7}.Debug|iPhone.Build.0 = Debug|iPhone
		{EDA04777-A341-4E19-92BB-CB2DC92E0FA7}.Debug|iPhoneSimulator.ActiveCfg = Debug|iPhoneSimulator
		{EDA04777-A341-4E19-92BB-CB2DC92E0FA7}.Debug|iPhoneSimulator.Build.0 = Debug|iPhoneSimulator
		{EDA04777-A341-4E19-92BB-CB2DC92E0FA7}.Debug|x64.ActiveCfg = Debug|iPhone
		{EDA04777-A341-4E19-92BB-CB2DC92E0FA7}.Debug|x86.ActiveCfg = Debug|iPhone
		{EDA04777-A341-4E19-92BB-CB2DC92E0FA7}.Release|Any CPU.ActiveCfg = Release|iPhone
		{EDA04777-A341-4E19-92BB-CB2DC92E0FA7}.Release|ARM.ActiveCfg = Release|iPhone
		{EDA04777-A341-4E19-92BB-CB2DC92E0FA7}.Release|iPhone.ActiveCfg = Release|iPhone
		{EDA04777-A341-4E19-92BB-CB2DC92E0FA7}.Release|iPhone.Build.0 = Release|iPhone
		{EDA04777-A341-4E19-92BB-CB2DC92E0FA7}.Release|iPhoneSimulator.ActiveCfg = Release|iPhoneSimulator
		{EDA04777-A341-4E19-92BB-CB2DC92E0FA7}.Release|iPhoneSimulator.Build.0 = Release|iPhoneSimulator
		{EDA04777-A341-4E19-92BB-CB2DC92E0FA7}.Release|x64.ActiveCfg = Release|iPhone
		{EDA04777-A341-4E19-92BB-CB2DC92E0FA7}.Release|x86.ActiveCfg = Release|iPhone
		{C5C00E84-EAB6-40E3-9DF0-919A3AC37A6A}.Ad-Hoc|Any CPU.ActiveCfg = Release|Any CPU
		{C5C00E84-EAB6-40E3-9DF0-919A3AC37A6A}.Ad-Hoc|Any CPU.Build.0 = Release|Any CPU
		{C5C00E84-EAB6-40E3-9DF0-919A3AC37A6A}.Ad-Hoc|Any CPU.Deploy.0 = Release|Any CPU
		{C5C00E84-EAB6-40E3-9DF0-919A3AC37A6A}.Ad-Hoc|ARM.ActiveCfg = Release|ARM
		{C5C00E84-EAB6-40E3-9DF0-919A3AC37A6A}.Ad-Hoc|ARM.Build.0 = Release|ARM
		{C5C00E84-EAB6-40E3-9DF0-919A3AC37A6A}.Ad-Hoc|ARM.Deploy.0 = Release|ARM
		{C5C00E84-EAB6-40E3-9DF0-919A3AC37A6A}.Ad-Hoc|iPhone.ActiveCfg = Release|Any CPU
		{C5C00E84-EAB6-40E3-9DF0-919A3AC37A6A}.Ad-Hoc|iPhone.Build.0 = Release|Any CPU
		{C5C00E84-EAB6-40E3-9DF0-919A3AC37A6A}.Ad-Hoc|iPhone.Deploy.0 = Release|Any CPU
		{C5C00E84-EAB6-40E3-9DF0-919A3AC37A6A}.Ad-Hoc|iPhoneSimulator.ActiveCfg = Release|Any CPU
		{C5C00E84-EAB6-40E3-9DF0-919A3AC37A6A}.Ad-Hoc|iPhoneSimulator.Build.0 = Release|Any CPU
		{C5C00E84-EAB6-40E3-9DF0-919A3AC37A6A}.Ad-Hoc|iPhoneSimulator.Deploy.0 = Release|Any CPU
		{C5C00E84-EAB6-40E3-9DF0-919A3AC37A6A}.Ad-Hoc|x64.ActiveCfg = Release|Any CPU
		{C5C00E84-EAB6-40E3-9DF0-919A3AC37A6A}.Ad-Hoc|x64.Build.0 = Release|Any CPU
		{C5C00E84-EAB6-40E3-9DF0-919A3AC37A6A}.Ad-Hoc|x64.Deploy.0 = Release|Any CPU
		{C5C00E84-EAB6-40E3-9DF0-919A3AC37A6A}.Ad-Hoc|x86.ActiveCfg = Release|x86
		{C5C00E84-EAB6-40E3-9DF0-919A3AC37A6A}.Ad-Hoc|x86.Build.0 = Release|x86
		{C5C00E84-EAB6-40E3-9DF0-919A3AC37A6A}.Ad-Hoc|x86.Deploy.0 = Release|x86
		{C5C00E84-EAB6-40E3-9DF0-919A3AC37A6A}.AppStore|Any CPU.ActiveCfg = Release|Any CPU
		{C5C00E84-EAB6-40E3-9DF0-919A3AC37A6A}.AppStore|Any CPU.Build.0 = Release|Any CPU
		{C5C00E84-EAB6-40E3-9DF0-919A3AC37A6A}.AppStore|Any CPU.Deploy.0 = Release|Any CPU
		{C5C00E84-EAB6-40E3-9DF0-919A3AC37A6A}.AppStore|ARM.ActiveCfg = Release|ARM
		{C5C00E84-EAB6-40E3-9DF0-919A3AC37A6A}.AppStore|ARM.Build.0 = Release|ARM
		{C5C00E84-EAB6-40E3-9DF0-919A3AC37A6A}.AppStore|ARM.Deploy.0 = Release|ARM
		{C5C00E84-EAB6-40E3-9DF0-919A3AC37A6A}.AppStore|iPhone.ActiveCfg = Release|Any CPU
		{C5C00E84-EAB6-40E3-9DF0-919A3AC37A6A}.AppStore|iPhone.Build.0 = Release|Any CPU
		{C5C00E84-EAB6-40E3-9DF0-919A3AC37A6A}.AppStore|iPhone.Deploy.0 = Release|Any CPU
		{C5C00E84-EAB6-40E3-9DF0-919A3AC37A6A}.AppStore|iPhoneSimulator.ActiveCfg = Release|Any CPU
		{C5C00E84-EAB6-40E3-9DF0-919A3AC37A6A}.AppStore|iPhoneSimulator.Build.0 = Release|Any CPU
		{C5C00E84-EAB6-40E3-9DF0-919A3AC37A6A}.AppStore|iPhoneSimulator.Deploy.0 = Release|Any CPU
		{C5C00E84-EAB6-40E3-9DF0-919A3AC37A6A}.AppStore|x64.ActiveCfg = Release|Any CPU
		{C5C00E84-EAB6-40E3-9DF0-919A3AC37A6A}.AppStore|x64.Build.0 = Release|Any CPU
		{C5C00E84-EAB6-40E3-9DF0-919A3AC37A6A}.AppStore|x64.Deploy.0 = Release|Any CPU
		{C5C00E84-EAB6-40E3-9DF0-919A3AC37A6A}.AppStore|x86.ActiveCfg = Release|x86
		{C5C00E84-EAB6-40E3-9DF0-919A3AC37A6A}.AppStore|x86.Build.0 = Release|x86
		{C5C00E84-EAB6-40E3-9DF0-919A3AC37A6A}.AppStore|x86.Deploy.0 = Release|x86
		{C5C00E84-EAB6-40E3-9DF0-919A3AC37A6A}.Debug|Any CPU.ActiveCfg = Debug|Any CPU
		{C5C00E84-EAB6-40E3-9DF0-919A3AC37A6A}.Debug|Any CPU.Build.0 = Debug|Any CPU
		{C5C00E84-EAB6-40E3-9DF0-919A3AC37A6A}.Debug|Any CPU.Deploy.0 = Debug|Any CPU
		{C5C00E84-EAB6-40E3-9DF0-919A3AC37A6A}.Debug|ARM.ActiveCfg = Debug|ARM
		{C5C00E84-EAB6-40E3-9DF0-919A3AC37A6A}.Debug|ARM.Build.0 = Debug|ARM
		{C5C00E84-EAB6-40E3-9DF0-919A3AC37A6A}.Debug|ARM.Deploy.0 = Debug|ARM
		{C5C00E84-EAB6-40E3-9DF0-919A3AC37A6A}.Debug|iPhone.ActiveCfg = Debug|Any CPU
		{C5C00E84-EAB6-40E3-9DF0-919A3AC37A6A}.Debug|iPhone.Build.0 = Debug|Any CPU
		{C5C00E84-EAB6-40E3-9DF0-919A3AC37A6A}.Debug|iPhone.Deploy.0 = Debug|Any CPU
		{C5C00E84-EAB6-40E3-9DF0-919A3AC37A6A}.Debug|iPhoneSimulator.ActiveCfg = Debug|Any CPU
		{C5C00E84-EAB6-40E3-9DF0-919A3AC37A6A}.Debug|iPhoneSimulator.Build.0 = Debug|Any CPU
		{C5C00E84-EAB6-40E3-9DF0-919A3AC37A6A}.Debug|iPhoneSimulator.Deploy.0 = Debug|Any CPU
		{C5C00E84-EAB6-40E3-9DF0-919A3AC37A6A}.Debug|x64.ActiveCfg = Debug|Any CPU
		{C5C00E84-EAB6-40E3-9DF0-919A3AC37A6A}.Debug|x64.Build.0 = Debug|Any CPU
		{C5C00E84-EAB6-40E3-9DF0-919A3AC37A6A}.Debug|x64.Deploy.0 = Debug|Any CPU
		{C5C00E84-EAB6-40E3-9DF0-919A3AC37A6A}.Debug|x86.ActiveCfg = Debug|x86
		{C5C00E84-EAB6-40E3-9DF0-919A3AC37A6A}.Debug|x86.Build.0 = Debug|x86
		{C5C00E84-EAB6-40E3-9DF0-919A3AC37A6A}.Debug|x86.Deploy.0 = Debug|x86
		{C5C00E84-EAB6-40E3-9DF0-919A3AC37A6A}.Release|Any CPU.ActiveCfg = Release|Any CPU
		{C5C00E84-EAB6-40E3-9DF0-919A3AC37A6A}.Release|Any CPU.Build.0 = Release|Any CPU
		{C5C00E84-EAB6-40E3-9DF0-919A3AC37A6A}.Release|Any CPU.Deploy.0 = Release|Any CPU
		{C5C00E84-EAB6-40E3-9DF0-919A3AC37A6A}.Release|ARM.ActiveCfg = Release|ARM
		{C5C00E84-EAB6-40E3-9DF0-919A3AC37A6A}.Release|ARM.Build.0 = Release|ARM
		{C5C00E84-EAB6-40E3-9DF0-919A3AC37A6A}.Release|ARM.Deploy.0 = Release|ARM
		{C5C00E84-EAB6-40E3-9DF0-919A3AC37A6A}.Release|iPhone.ActiveCfg = Release|Any CPU
		{C5C00E84-EAB6-40E3-9DF0-919A3AC37A6A}.Release|iPhone.Build.0 = Release|Any CPU
		{C5C00E84-EAB6-40E3-9DF0-919A3AC37A6A}.Release|iPhone.Deploy.0 = Release|Any CPU
		{C5C00E84-EAB6-40E3-9DF0-919A3AC37A6A}.Release|iPhoneSimulator.ActiveCfg = Release|Any CPU
		{C5C00E84-EAB6-40E3-9DF0-919A3AC37A6A}.Release|iPhoneSimulator.Build.0 = Release|Any CPU
		{C5C00E84-EAB6-40E3-9DF0-919A3AC37A6A}.Release|iPhoneSimulator.Deploy.0 = Release|Any CPU
		{C5C00E84-EAB6-40E3-9DF0-919A3AC37A6A}.Release|x64.ActiveCfg = Release|Any CPU
		{C5C00E84-EAB6-40E3-9DF0-919A3AC37A6A}.Release|x64.Build.0 = Release|Any CPU
		{C5C00E84-EAB6-40E3-9DF0-919A3AC37A6A}.Release|x64.Deploy.0 = Release|Any CPU
		{C5C00E84-EAB6-40E3-9DF0-919A3AC37A6A}.Release|x86.ActiveCfg = Release|x86
		{C5C00E84-EAB6-40E3-9DF0-919A3AC37A6A}.Release|x86.Build.0 = Release|x86
		{C5C00E84-EAB6-40E3-9DF0-919A3AC37A6A}.Release|x86.Deploy.0 = Release|x86
		{D5A8C6EB-A660-488A-B3C3-A5A087DD0C37}.Ad-Hoc|Any CPU.ActiveCfg = Release|x86
		{D5A8C6EB-A660-488A-B3C3-A5A087DD0C37}.Ad-Hoc|Any CPU.Build.0 = Release|x86
		{D5A8C6EB-A660-488A-B3C3-A5A087DD0C37}.Ad-Hoc|Any CPU.Deploy.0 = Release|x86
		{D5A8C6EB-A660-488A-B3C3-A5A087DD0C37}.Ad-Hoc|ARM.ActiveCfg = Release|ARM
		{D5A8C6EB-A660-488A-B3C3-A5A087DD0C37}.Ad-Hoc|ARM.Build.0 = Release|ARM
		{D5A8C6EB-A660-488A-B3C3-A5A087DD0C37}.Ad-Hoc|ARM.Deploy.0 = Release|ARM
		{D5A8C6EB-A660-488A-B3C3-A5A087DD0C37}.Ad-Hoc|iPhone.ActiveCfg = Release|x86
		{D5A8C6EB-A660-488A-B3C3-A5A087DD0C37}.Ad-Hoc|iPhone.Build.0 = Release|x86
		{D5A8C6EB-A660-488A-B3C3-A5A087DD0C37}.Ad-Hoc|iPhone.Deploy.0 = Release|x86
		{D5A8C6EB-A660-488A-B3C3-A5A087DD0C37}.Ad-Hoc|iPhoneSimulator.ActiveCfg = Release|x86
		{D5A8C6EB-A660-488A-B3C3-A5A087DD0C37}.Ad-Hoc|iPhoneSimulator.Build.0 = Release|x86
		{D5A8C6EB-A660-488A-B3C3-A5A087DD0C37}.Ad-Hoc|iPhoneSimulator.Deploy.0 = Release|x86
		{D5A8C6EB-A660-488A-B3C3-A5A087DD0C37}.Ad-Hoc|x64.ActiveCfg = Release|x64
		{D5A8C6EB-A660-488A-B3C3-A5A087DD0C37}.Ad-Hoc|x64.Build.0 = Release|x64
		{D5A8C6EB-A660-488A-B3C3-A5A087DD0C37}.Ad-Hoc|x64.Deploy.0 = Release|x64
		{D5A8C6EB-A660-488A-B3C3-A5A087DD0C37}.Ad-Hoc|x86.ActiveCfg = Release|x86
		{D5A8C6EB-A660-488A-B3C3-A5A087DD0C37}.Ad-Hoc|x86.Build.0 = Release|x86
		{D5A8C6EB-A660-488A-B3C3-A5A087DD0C37}.Ad-Hoc|x86.Deploy.0 = Release|x86
		{D5A8C6EB-A660-488A-B3C3-A5A087DD0C37}.AppStore|Any CPU.ActiveCfg = Release|x86
		{D5A8C6EB-A660-488A-B3C3-A5A087DD0C37}.AppStore|Any CPU.Build.0 = Release|x86
		{D5A8C6EB-A660-488A-B3C3-A5A087DD0C37}.AppStore|Any CPU.Deploy.0 = Release|x86
		{D5A8C6EB-A660-488A-B3C3-A5A087DD0C37}.AppStore|ARM.ActiveCfg = Release|ARM
		{D5A8C6EB-A660-488A-B3C3-A5A087DD0C37}.AppStore|ARM.Build.0 = Release|ARM
		{D5A8C6EB-A660-488A-B3C3-A5A087DD0C37}.AppStore|ARM.Deploy.0 = Release|ARM
		{D5A8C6EB-A660-488A-B3C3-A5A087DD0C37}.AppStore|iPhone.ActiveCfg = Release|x86
		{D5A8C6EB-A660-488A-B3C3-A5A087DD0C37}.AppStore|iPhone.Build.0 = Release|x86
		{D5A8C6EB-A660-488A-B3C3-A5A087DD0C37}.AppStore|iPhone.Deploy.0 = Release|x86
		{D5A8C6EB-A660-488A-B3C3-A5A087DD0C37}.AppStore|iPhoneSimulator.ActiveCfg = Release|x86
		{D5A8C6EB-A660-488A-B3C3-A5A087DD0C37}.AppStore|iPhoneSimulator.Build.0 = Release|x86
		{D5A8C6EB-A660-488A-B3C3-A5A087DD0C37}.AppStore|iPhoneSimulator.Deploy.0 = Release|x86
		{D5A8C6EB-A660-488A-B3C3-A5A087DD0C37}.AppStore|x64.ActiveCfg = Release|x64
		{D5A8C6EB-A660-488A-B3C3-A5A087DD0C37}.AppStore|x64.Build.0 = Release|x64
		{D5A8C6EB-A660-488A-B3C3-A5A087DD0C37}.AppStore|x64.Deploy.0 = Release|x64
		{D5A8C6EB-A660-488A-B3C3-A5A087DD0C37}.AppStore|x86.ActiveCfg = Release|x86
		{D5A8C6EB-A660-488A-B3C3-A5A087DD0C37}.AppStore|x86.Build.0 = Release|x86
		{D5A8C6EB-A660-488A-B3C3-A5A087DD0C37}.AppStore|x86.Deploy.0 = Release|x86
		{D5A8C6EB-A660-488A-B3C3-A5A087DD0C37}.Debug|Any CPU.ActiveCfg = Debug|x86
		{D5A8C6EB-A660-488A-B3C3-A5A087DD0C37}.Debug|ARM.ActiveCfg = Debug|ARM
		{D5A8C6EB-A660-488A-B3C3-A5A087DD0C37}.Debug|ARM.Build.0 = Debug|ARM
		{D5A8C6EB-A660-488A-B3C3-A5A087DD0C37}.Debug|ARM.Deploy.0 = Debug|ARM
		{D5A8C6EB-A660-488A-B3C3-A5A087DD0C37}.Debug|iPhone.ActiveCfg = Debug|x86
		{D5A8C6EB-A660-488A-B3C3-A5A087DD0C37}.Debug|iPhoneSimulator.ActiveCfg = Debug|x86
		{D5A8C6EB-A660-488A-B3C3-A5A087DD0C37}.Debug|x64.ActiveCfg = Debug|x64
		{D5A8C6EB-A660-488A-B3C3-A5A087DD0C37}.Debug|x64.Build.0 = Debug|x64
		{D5A8C6EB-A660-488A-B3C3-A5A087DD0C37}.Debug|x64.Deploy.0 = Debug|x64
		{D5A8C6EB-A660-488A-B3C3-A5A087DD0C37}.Debug|x86.ActiveCfg = Debug|x86
		{D5A8C6EB-A660-488A-B3C3-A5A087DD0C37}.Debug|x86.Build.0 = Debug|x86
		{D5A8C6EB-A660-488A-B3C3-A5A087DD0C37}.Debug|x86.Deploy.0 = Debug|x86
		{D5A8C6EB-A660-488A-B3C3-A5A087DD0C37}.Release|Any CPU.ActiveCfg = Release|x86
		{D5A8C6EB-A660-488A-B3C3-A5A087DD0C37}.Release|ARM.ActiveCfg = Release|ARM
		{D5A8C6EB-A660-488A-B3C3-A5A087DD0C37}.Release|ARM.Build.0 = Release|ARM
		{D5A8C6EB-A660-488A-B3C3-A5A087DD0C37}.Release|ARM.Deploy.0 = Release|ARM
		{D5A8C6EB-A660-488A-B3C3-A5A087DD0C37}.Release|iPhone.ActiveCfg = Release|x86
		{D5A8C6EB-A660-488A-B3C3-A5A087DD0C37}.Release|iPhoneSimulator.ActiveCfg = Release|x86
		{D5A8C6EB-A660-488A-B3C3-A5A087DD0C37}.Release|x64.ActiveCfg = Release|x64
		{D5A8C6EB-A660-488A-B3C3-A5A087DD0C37}.Release|x64.Build.0 = Release|x64
		{D5A8C6EB-A660-488A-B3C3-A5A087DD0C37}.Release|x64.Deploy.0 = Release|x64
		{D5A8C6EB-A660-488A-B3C3-A5A087DD0C37}.Release|x86.ActiveCfg = Release|x86
		{D5A8C6EB-A660-488A-B3C3-A5A087DD0C37}.Release|x86.Build.0 = Release|x86
		{D5A8C6EB-A660-488A-B3C3-A5A087DD0C37}.Release|x86.Deploy.0 = Release|x86
		{095090EB-06D6-4F1E-BD06-B7FBF1A7CEFA}.Ad-Hoc|Any CPU.ActiveCfg = Release|Any CPU
		{095090EB-06D6-4F1E-BD06-B7FBF1A7CEFA}.Ad-Hoc|Any CPU.Build.0 = Release|Any CPU
		{095090EB-06D6-4F1E-BD06-B7FBF1A7CEFA}.Ad-Hoc|Any CPU.Deploy.0 = Release|Any CPU
		{095090EB-06D6-4F1E-BD06-B7FBF1A7CEFA}.Ad-Hoc|ARM.ActiveCfg = Release|ARM
		{095090EB-06D6-4F1E-BD06-B7FBF1A7CEFA}.Ad-Hoc|ARM.Build.0 = Release|ARM
		{095090EB-06D6-4F1E-BD06-B7FBF1A7CEFA}.Ad-Hoc|ARM.Deploy.0 = Release|ARM
		{095090EB-06D6-4F1E-BD06-B7FBF1A7CEFA}.Ad-Hoc|iPhone.ActiveCfg = Release|Any CPU
		{095090EB-06D6-4F1E-BD06-B7FBF1A7CEFA}.Ad-Hoc|iPhone.Build.0 = Release|Any CPU
		{095090EB-06D6-4F1E-BD06-B7FBF1A7CEFA}.Ad-Hoc|iPhone.Deploy.0 = Release|Any CPU
		{095090EB-06D6-4F1E-BD06-B7FBF1A7CEFA}.Ad-Hoc|iPhoneSimulator.ActiveCfg = Release|Any CPU
		{095090EB-06D6-4F1E-BD06-B7FBF1A7CEFA}.Ad-Hoc|iPhoneSimulator.Build.0 = Release|Any CPU
		{095090EB-06D6-4F1E-BD06-B7FBF1A7CEFA}.Ad-Hoc|iPhoneSimulator.Deploy.0 = Release|Any CPU
		{095090EB-06D6-4F1E-BD06-B7FBF1A7CEFA}.Ad-Hoc|x64.ActiveCfg = Release|x64
		{095090EB-06D6-4F1E-BD06-B7FBF1A7CEFA}.Ad-Hoc|x64.Build.0 = Release|x64
		{095090EB-06D6-4F1E-BD06-B7FBF1A7CEFA}.Ad-Hoc|x64.Deploy.0 = Release|x64
		{095090EB-06D6-4F1E-BD06-B7FBF1A7CEFA}.Ad-Hoc|x86.ActiveCfg = Release|x86
		{095090EB-06D6-4F1E-BD06-B7FBF1A7CEFA}.Ad-Hoc|x86.Build.0 = Release|x86
		{095090EB-06D6-4F1E-BD06-B7FBF1A7CEFA}.Ad-Hoc|x86.Deploy.0 = Release|x86
		{095090EB-06D6-4F1E-BD06-B7FBF1A7CEFA}.AppStore|Any CPU.ActiveCfg = Release|Any CPU
		{095090EB-06D6-4F1E-BD06-B7FBF1A7CEFA}.AppStore|Any CPU.Build.0 = Release|Any CPU
		{095090EB-06D6-4F1E-BD06-B7FBF1A7CEFA}.AppStore|Any CPU.Deploy.0 = Release|Any CPU
		{095090EB-06D6-4F1E-BD06-B7FBF1A7CEFA}.AppStore|ARM.ActiveCfg = Release|ARM
		{095090EB-06D6-4F1E-BD06-B7FBF1A7CEFA}.AppStore|ARM.Build.0 = Release|ARM
		{095090EB-06D6-4F1E-BD06-B7FBF1A7CEFA}.AppStore|ARM.Deploy.0 = Release|ARM
		{095090EB-06D6-4F1E-BD06-B7FBF1A7CEFA}.AppStore|iPhone.ActiveCfg = Release|Any CPU
		{095090EB-06D6-4F1E-BD06-B7FBF1A7CEFA}.AppStore|iPhone.Build.0 = Release|Any CPU
		{095090EB-06D6-4F1E-BD06-B7FBF1A7CEFA}.AppStore|iPhone.Deploy.0 = Release|Any CPU
		{095090EB-06D6-4F1E-BD06-B7FBF1A7CEFA}.AppStore|iPhoneSimulator.ActiveCfg = Release|Any CPU
		{095090EB-06D6-4F1E-BD06-B7FBF1A7CEFA}.AppStore|iPhoneSimulator.Build.0 = Release|Any CPU
		{095090EB-06D6-4F1E-BD06-B7FBF1A7CEFA}.AppStore|iPhoneSimulator.Deploy.0 = Release|Any CPU
		{095090EB-06D6-4F1E-BD06-B7FBF1A7CEFA}.AppStore|x64.ActiveCfg = Release|x64
		{095090EB-06D6-4F1E-BD06-B7FBF1A7CEFA}.AppStore|x64.Build.0 = Release|x64
		{095090EB-06D6-4F1E-BD06-B7FBF1A7CEFA}.AppStore|x64.Deploy.0 = Release|x64
		{095090EB-06D6-4F1E-BD06-B7FBF1A7CEFA}.AppStore|x86.ActiveCfg = Release|x86
		{095090EB-06D6-4F1E-BD06-B7FBF1A7CEFA}.AppStore|x86.Build.0 = Release|x86
		{095090EB-06D6-4F1E-BD06-B7FBF1A7CEFA}.AppStore|x86.Deploy.0 = Release|x86
		{095090EB-06D6-4F1E-BD06-B7FBF1A7CEFA}.Debug|Any CPU.ActiveCfg = Debug|Any CPU
		{095090EB-06D6-4F1E-BD06-B7FBF1A7CEFA}.Debug|Any CPU.Build.0 = Debug|Any CPU
		{095090EB-06D6-4F1E-BD06-B7FBF1A7CEFA}.Debug|Any CPU.Deploy.0 = Debug|Any CPU
		{095090EB-06D6-4F1E-BD06-B7FBF1A7CEFA}.Debug|ARM.ActiveCfg = Debug|ARM
		{095090EB-06D6-4F1E-BD06-B7FBF1A7CEFA}.Debug|ARM.Build.0 = Debug|ARM
		{095090EB-06D6-4F1E-BD06-B7FBF1A7CEFA}.Debug|ARM.Deploy.0 = Debug|ARM
		{095090EB-06D6-4F1E-BD06-B7FBF1A7CEFA}.Debug|iPhone.ActiveCfg = Debug|Any CPU
		{095090EB-06D6-4F1E-BD06-B7FBF1A7CEFA}.Debug|iPhone.Build.0 = Debug|Any CPU
		{095090EB-06D6-4F1E-BD06-B7FBF1A7CEFA}.Debug|iPhone.Deploy.0 = Debug|Any CPU
		{095090EB-06D6-4F1E-BD06-B7FBF1A7CEFA}.Debug|iPhoneSimulator.ActiveCfg = Debug|Any CPU
		{095090EB-06D6-4F1E-BD06-B7FBF1A7CEFA}.Debug|iPhoneSimulator.Build.0 = Debug|Any CPU
		{095090EB-06D6-4F1E-BD06-B7FBF1A7CEFA}.Debug|iPhoneSimulator.Deploy.0 = Debug|Any CPU
		{095090EB-06D6-4F1E-BD06-B7FBF1A7CEFA}.Debug|x64.ActiveCfg = Debug|x64
		{095090EB-06D6-4F1E-BD06-B7FBF1A7CEFA}.Debug|x64.Build.0 = Debug|x64
		{095090EB-06D6-4F1E-BD06-B7FBF1A7CEFA}.Debug|x64.Deploy.0 = Debug|x64
		{095090EB-06D6-4F1E-BD06-B7FBF1A7CEFA}.Debug|x86.ActiveCfg = Debug|x86
		{095090EB-06D6-4F1E-BD06-B7FBF1A7CEFA}.Debug|x86.Build.0 = Debug|x86
		{095090EB-06D6-4F1E-BD06-B7FBF1A7CEFA}.Debug|x86.Deploy.0 = Debug|x86
		{095090EB-06D6-4F1E-BD06-B7FBF1A7CEFA}.Release|Any CPU.ActiveCfg = Release|Any CPU
		{095090EB-06D6-4F1E-BD06-B7FBF1A7CEFA}.Release|Any CPU.Build.0 = Release|Any CPU
		{095090EB-06D6-4F1E-BD06-B7FBF1A7CEFA}.Release|Any CPU.Deploy.0 = Release|Any CPU
		{095090EB-06D6-4F1E-BD06-B7FBF1A7CEFA}.Release|ARM.ActiveCfg = Release|ARM
		{095090EB-06D6-4F1E-BD06-B7FBF1A7CEFA}.Release|ARM.Build.0 = Release|ARM
		{095090EB-06D6-4F1E-BD06-B7FBF1A7CEFA}.Release|ARM.Deploy.0 = Release|ARM
		{095090EB-06D6-4F1E-BD06-B7FBF1A7CEFA}.Release|iPhone.ActiveCfg = Release|Any CPU
		{095090EB-06D6-4F1E-BD06-B7FBF1A7CEFA}.Release|iPhone.Build.0 = Release|Any CPU
		{095090EB-06D6-4F1E-BD06-B7FBF1A7CEFA}.Release|iPhone.Deploy.0 = Release|Any CPU
		{095090EB-06D6-4F1E-BD06-B7FBF1A7CEFA}.Release|iPhoneSimulator.ActiveCfg = Release|Any CPU
		{095090EB-06D6-4F1E-BD06-B7FBF1A7CEFA}.Release|iPhoneSimulator.Build.0 = Release|Any CPU
		{095090EB-06D6-4F1E-BD06-B7FBF1A7CEFA}.Release|iPhoneSimulator.Deploy.0 = Release|Any CPU
		{095090EB-06D6-4F1E-BD06-B7FBF1A7CEFA}.Release|x64.ActiveCfg = Release|x64
		{095090EB-06D6-4F1E-BD06-B7FBF1A7CEFA}.Release|x64.Build.0 = Release|x64
		{095090EB-06D6-4F1E-BD06-B7FBF1A7CEFA}.Release|x64.Deploy.0 = Release|x64
		{095090EB-06D6-4F1E-BD06-B7FBF1A7CEFA}.Release|x86.ActiveCfg = Release|x86
		{095090EB-06D6-4F1E-BD06-B7FBF1A7CEFA}.Release|x86.Build.0 = Release|x86
		{095090EB-06D6-4F1E-BD06-B7FBF1A7CEFA}.Release|x86.Deploy.0 = Release|x86
		{20627E47-2F7B-4ED5-845B-B8A468BA0A18}.Ad-Hoc|Any CPU.ActiveCfg = Release|Any CPU
		{20627E47-2F7B-4ED5-845B-B8A468BA0A18}.Ad-Hoc|Any CPU.Build.0 = Release|Any CPU
		{20627E47-2F7B-4ED5-845B-B8A468BA0A18}.Ad-Hoc|ARM.ActiveCfg = Release|Any CPU
		{20627E47-2F7B-4ED5-845B-B8A468BA0A18}.Ad-Hoc|ARM.Build.0 = Release|Any CPU
		{20627E47-2F7B-4ED5-845B-B8A468BA0A18}.Ad-Hoc|iPhone.ActiveCfg = Release|Any CPU
		{20627E47-2F7B-4ED5-845B-B8A468BA0A18}.Ad-Hoc|iPhone.Build.0 = Release|Any CPU
		{20627E47-2F7B-4ED5-845B-B8A468BA0A18}.Ad-Hoc|iPhoneSimulator.ActiveCfg = Release|Any CPU
		{20627E47-2F7B-4ED5-845B-B8A468BA0A18}.Ad-Hoc|iPhoneSimulator.Build.0 = Release|Any CPU
		{20627E47-2F7B-4ED5-845B-B8A468BA0A18}.Ad-Hoc|x64.ActiveCfg = Release|Any CPU
		{20627E47-2F7B-4ED5-845B-B8A468BA0A18}.Ad-Hoc|x64.Build.0 = Release|Any CPU
		{20627E47-2F7B-4ED5-845B-B8A468BA0A18}.Ad-Hoc|x86.ActiveCfg = Release|Any CPU
		{20627E47-2F7B-4ED5-845B-B8A468BA0A18}.Ad-Hoc|x86.Build.0 = Release|Any CPU
		{20627E47-2F7B-4ED5-845B-B8A468BA0A18}.AppStore|Any CPU.ActiveCfg = Release|Any CPU
		{20627E47-2F7B-4ED5-845B-B8A468BA0A18}.AppStore|Any CPU.Build.0 = Release|Any CPU
		{20627E47-2F7B-4ED5-845B-B8A468BA0A18}.AppStore|ARM.ActiveCfg = Release|Any CPU
		{20627E47-2F7B-4ED5-845B-B8A468BA0A18}.AppStore|ARM.Build.0 = Release|Any CPU
		{20627E47-2F7B-4ED5-845B-B8A468BA0A18}.AppStore|iPhone.ActiveCfg = Release|Any CPU
		{20627E47-2F7B-4ED5-845B-B8A468BA0A18}.AppStore|iPhone.Build.0 = Release|Any CPU
		{20627E47-2F7B-4ED5-845B-B8A468BA0A18}.AppStore|iPhoneSimulator.ActiveCfg = Release|Any CPU
		{20627E47-2F7B-4ED5-845B-B8A468BA0A18}.AppStore|iPhoneSimulator.Build.0 = Release|Any CPU
		{20627E47-2F7B-4ED5-845B-B8A468BA0A18}.AppStore|x64.ActiveCfg = Release|Any CPU
		{20627E47-2F7B-4ED5-845B-B8A468BA0A18}.AppStore|x64.Build.0 = Release|Any CPU
		{20627E47-2F7B-4ED5-845B-B8A468BA0A18}.AppStore|x86.ActiveCfg = Release|Any CPU
		{20627E47-2F7B-4ED5-845B-B8A468BA0A18}.AppStore|x86.Build.0 = Release|Any CPU
		{20627E47-2F7B-4ED5-845B-B8A468BA0A18}.Debug|Any CPU.ActiveCfg = Debug|Any CPU
		{20627E47-2F7B-4ED5-845B-B8A468BA0A18}.Debug|Any CPU.Build.0 = Debug|Any CPU
		{20627E47-2F7B-4ED5-845B-B8A468BA0A18}.Debug|ARM.ActiveCfg = Debug|Any CPU
		{20627E47-2F7B-4ED5-845B-B8A468BA0A18}.Debug|ARM.Build.0 = Debug|Any CPU
		{20627E47-2F7B-4ED5-845B-B8A468BA0A18}.Debug|iPhone.ActiveCfg = Debug|Any CPU
		{20627E47-2F7B-4ED5-845B-B8A468BA0A18}.Debug|iPhone.Build.0 = Debug|Any CPU
		{20627E47-2F7B-4ED5-845B-B8A468BA0A18}.Debug|iPhoneSimulator.ActiveCfg = Debug|Any CPU
		{20627E47-2F7B-4ED5-845B-B8A468BA0A18}.Debug|iPhoneSimulator.Build.0 = Debug|Any CPU
		{20627E47-2F7B-4ED5-845B-B8A468BA0A18}.Debug|x64.ActiveCfg = Debug|Any CPU
		{20627E47-2F7B-4ED5-845B-B8A468BA0A18}.Debug|x64.Build.0 = Debug|Any CPU
		{20627E47-2F7B-4ED5-845B-B8A468BA0A18}.Debug|x86.ActiveCfg = Debug|Any CPU
		{20627E47-2F7B-4ED5-845B-B8A468BA0A18}.Debug|x86.Build.0 = Debug|Any CPU
		{20627E47-2F7B-4ED5-845B-B8A468BA0A18}.Release|Any CPU.ActiveCfg = Release|Any CPU
		{20627E47-2F7B-4ED5-845B-B8A468BA0A18}.Release|Any CPU.Build.0 = Release|Any CPU
		{20627E47-2F7B-4ED5-845B-B8A468BA0A18}.Release|ARM.ActiveCfg = Release|Any CPU
		{20627E47-2F7B-4ED5-845B-B8A468BA0A18}.Release|ARM.Build.0 = Release|Any CPU
		{20627E47-2F7B-4ED5-845B-B8A468BA0A18}.Release|iPhone.ActiveCfg = Release|Any CPU
		{20627E47-2F7B-4ED5-845B-B8A468BA0A18}.Release|iPhone.Build.0 = Release|Any CPU
		{20627E47-2F7B-4ED5-845B-B8A468BA0A18}.Release|iPhoneSimulator.ActiveCfg = Release|Any CPU
		{20627E47-2F7B-4ED5-845B-B8A468BA0A18}.Release|iPhoneSimulator.Build.0 = Release|Any CPU
		{20627E47-2F7B-4ED5-845B-B8A468BA0A18}.Release|x64.ActiveCfg = Release|Any CPU
		{20627E47-2F7B-4ED5-845B-B8A468BA0A18}.Release|x64.Build.0 = Release|Any CPU
		{20627E47-2F7B-4ED5-845B-B8A468BA0A18}.Release|x86.ActiveCfg = Release|Any CPU
		{20627E47-2F7B-4ED5-845B-B8A468BA0A18}.Release|x86.Build.0 = Release|Any CPU
	EndGlobalSection
	GlobalSection(SolutionProperties) = preSolution
		HideSolutionNode = FALSE
	EndGlobalSection
EndGlobal
